
Microsoft Visual Studio Solution File, Format Version 12.00
# Visual Studio Version 16
VisualStudioVersion = 16.0.31624.102
MinimumVisualStudioVersion = 10.0.40219.1
Project("{FAE04EC0-301F-11D3-BF4B-00C04F79EFBC}") = "Experiment.EntityFramework", "Experiment.EntityFramework.csproj", "{47E7837F-721D-4ECF-83DD-421D3D080572}"
EndProject
Global
	GlobalSection(SolutionConfigurationPlatforms) = preSolution
		Debug|Any CPU = Debug|Any CPU
		Release|Any CPU = Release|Any CPU
	EndGlobalSection
	GlobalSection(ProjectConfigurationPlatforms) = postSolution
		{47E7837F-721D-4ECF-83DD-421D3D080572}.Debug|Any CPU.ActiveCfg = Debug|Any CPU
		{47E7837F-721D-4ECF-83DD-421D3D080572}.Debug|Any CPU.Build.0 = Debug|Any CPU
		{47E7837F-721D-4ECF-83DD-421D3D080572}.Release|Any CPU.ActiveCfg = Release|Any CPU
		{47E7837F-721D-4ECF-83DD-421D3D080572}.Release|Any CPU.Build.0 = Release|Any CPU
	EndGlobalSection
	GlobalSection(SolutionProperties) = preSolution
		HideSolutionNode = FALSE
	EndGlobalSection
	GlobalSection(ExtensibilityGlobals) = postSolution
		SolutionGuid = {6D9B2FBA-8E47-4C95-86FB-6F9287EFEE31}
	EndGlobalSection
EndGlobal
